
Microsoft Visual Studio Solution File, Format Version 12.00
# Visual Studio 15
VisualStudioVersion = 15.0.27130.2010
MinimumVisualStudioVersion = 10.0.40219.1
Project("{8BC9CEB8-8B4A-11D0-8D11-00A0C91BC942}") = "kakao_algorithm_lv2_getMinSum", "kakao_algorithm_lv2_getMinSum\kakao_algorithm_lv2_getMinSum.vcxproj", "{CB808C6C-F9BF-4D72-A69D-DF4C44ADD5D1}"
EndProject
Global
	GlobalSection(SolutionConfigurationPlatforms) = preSolution
		Debug|x64 = Debug|x64
		Debug|x86 = Debug|x86
		Release|x64 = Release|x64
		Release|x86 = Release|x86
	EndGlobalSection
	GlobalSection(ProjectConfigurationPlatforms) = postSolution
		{CB808C6C-F9BF-4D72-A69D-DF4C44ADD5D1}.Debug|x64.ActiveCfg = Debug|x64
		{CB808C6C-F9BF-4D72-A69D-DF4C44ADD5D1}.Debug|x64.Build.0 = Debug|x64
		{CB808C6C-F9BF-4D72-A69D-DF4C44ADD5D1}.Debug|x86.ActiveCfg = Debug|Win32
		{CB808C6C-F9BF-4D72-A69D-DF4C44ADD5D1}.Debug|x86.Build.0 = Debug|Win32
		{CB808C6C-F9BF-4D72-A69D-DF4C44ADD5D1}.Release|x64.ActiveCfg = Release|x64
		{CB808C6C-F9BF-4D72-A69D-DF4C44ADD5D1}.Release|x64.Build.0 = Release|x64
		{CB808C6C-F9BF-4D72-A69D-DF4C44ADD5D1}.Release|x86.ActiveCfg = Release|Win32
		{CB808C6C-F9BF-4D72-A69D-DF4C44ADD5D1}.Release|x86.Build.0 = Release|Win32
	EndGlobalSection
	GlobalSection(SolutionProperties) = preSolution
		HideSolutionNode = FALSE
	EndGlobalSection
	GlobalSection(ExtensibilityGlobals) = postSolution
		SolutionGuid = {34C0EED5-8847-4E9B-BF74-E200044B35E8}
	EndGlobalSection
EndGlobal
